
Microsoft Visual Studio Solution File, Format Version 12.00
# Visual Studio 15
VisualStudioVersion = 15.0.28010.2050
MinimumVisualStudioVersion = 10.0.40219.1
Project("{FAE04EC0-301F-11D3-BF4B-00C04F79EFBC}") = "_02_02_naive-ticket-machine_cSharp", "_02_02_naive-ticket-machine_cSharp\_02_02_naive-ticket-machine_cSharp.csproj", "{948CE2DF-A9B4-4E0B-94D7-1D7EF481F3B1}"
EndProject
Global
	GlobalSection(SolutionConfigurationPlatforms) = preSolution
		Debug|Any CPU = Debug|Any CPU
		Release|Any CPU = Release|Any CPU
	EndGlobalSection
	GlobalSection(ProjectConfigurationPlatforms) = postSolution
		{948CE2DF-A9B4-4E0B-94D7-1D7EF481F3B1}.Debug|Any CPU.ActiveCfg = Debug|Any CPU
		{948CE2DF-A9B4-4E0B-94D7-1D7EF481F3B1}.Debug|Any CPU.Build.0 = Debug|Any CPU
		{948CE2DF-A9B4-4E0B-94D7-1D7EF481F3B1}.Release|Any CPU.ActiveCfg = Release|Any CPU
		{948CE2DF-A9B4-4E0B-94D7-1D7EF481F3B1}.Release|Any CPU.Build.0 = Release|Any CPU
	EndGlobalSection
	GlobalSection(SolutionProperties) = preSolution
		HideSolutionNode = FALSE
	EndGlobalSection
	GlobalSection(ExtensibilityGlobals) = postSolution
		SolutionGuid = {4575A291-C279-4BAE-A66C-B05064942D2C}
	EndGlobalSection
EndGlobal
