
Microsoft Visual Studio Solution File, Format Version 12.00
# Visual Studio 15
VisualStudioVersion = 15.0.28010.2050
MinimumVisualStudioVersion = 10.0.40219.1
Project("{FAE04EC0-301F-11D3-BF4B-00C04F79EFBC}") = "_02_02_naive-ticket-machine_c", "_02_02_naive-ticket-machine_c\_02_02_naive-ticket-machine_c.csproj", "{D473D53B-8B9B-42E7-8EFD-36EF990AFD2C}"
EndProject
Global
	GlobalSection(SolutionConfigurationPlatforms) = preSolution
		Debug|Any CPU = Debug|Any CPU
		Release|Any CPU = Release|Any CPU
	EndGlobalSection
	GlobalSection(ProjectConfigurationPlatforms) = postSolution
		{D473D53B-8B9B-42E7-8EFD-36EF990AFD2C}.Debug|Any CPU.ActiveCfg = Debug|Any CPU
		{D473D53B-8B9B-42E7-8EFD-36EF990AFD2C}.Debug|Any CPU.Build.0 = Debug|Any CPU
		{D473D53B-8B9B-42E7-8EFD-36EF990AFD2C}.Release|Any CPU.ActiveCfg = Release|Any CPU
		{D473D53B-8B9B-42E7-8EFD-36EF990AFD2C}.Release|Any CPU.Build.0 = Release|Any CPU
	EndGlobalSection
	GlobalSection(SolutionProperties) = preSolution
		HideSolutionNode = FALSE
	EndGlobalSection
	GlobalSection(ExtensibilityGlobals) = postSolution
		SolutionGuid = {09F11A5F-DD2F-4AC6-954E-6349EE156806}
	EndGlobalSection
EndGlobal
